
Microsoft Visual Studio Solution File, Format Version 12.00
# Visual Studio 15
VisualStudioVersion = 15.0.28307.572
MinimumVisualStudioVersion = 10.0.40219.1
Project("{FAE04EC0-301F-11D3-BF4B-00C04F79EFBC}") = "Diploma", "Diploma.csproj", "{34E179C8-A4BE-46E6-9966-63B7C280ABF3}"
EndProject
Project("{FAE04EC0-301F-11D3-BF4B-00C04F79EFBC}") = "FormSeek", "..\FormSeek 15.06.2019\FormSeek\FormSeek.csproj", "{180C1D45-7AC0-447A-9003-AA452FEB17FA}"
EndProject
Project("{D954291E-2A0B-460D-934E-DC6B0785DB48}") = "Shared", "..\Shared\Shared.shproj", "{F57393BF-A2C0-4654-A036-4FD06AB2893B}"
EndProject
Global
	GlobalSection(SharedMSBuildProjectFiles) = preSolution
		..\Shared\Shared.projitems*{180c1d45-7ac0-447a-9003-aa452feb17fa}*SharedItemsImports = 4
		..\Shared\Shared.projitems*{34e179c8-a4be-46e6-9966-63b7c280abf3}*SharedItemsImports = 4
		..\Shared\Shared.projitems*{f57393bf-a2c0-4654-a036-4fd06ab2893b}*SharedItemsImports = 13
	EndGlobalSection
	GlobalSection(SolutionConfigurationPlatforms) = preSolution
		Debug|Any CPU = Debug|Any CPU
		Release|Any CPU = Release|Any CPU
	EndGlobalSection
	GlobalSection(ProjectConfigurationPlatforms) = postSolution
		{34E179C8-A4BE-46E6-9966-63B7C280ABF3}.Debug|Any CPU.ActiveCfg = Debug|Any CPU
		{34E179C8-A4BE-46E6-9966-63B7C280ABF3}.Debug|Any CPU.Build.0 = Debug|Any CPU
		{34E179C8-A4BE-46E6-9966-63B7C280ABF3}.Release|Any CPU.ActiveCfg = Release|Any CPU
		{34E179C8-A4BE-46E6-9966-63B7C280ABF3}.Release|Any CPU.Build.0 = Release|Any CPU
		{180C1D45-7AC0-447A-9003-AA452FEB17FA}.Debug|Any CPU.ActiveCfg = Debug|Any CPU
		{180C1D45-7AC0-447A-9003-AA452FEB17FA}.Debug|Any CPU.Build.0 = Debug|Any CPU
		{180C1D45-7AC0-447A-9003-AA452FEB17FA}.Release|Any CPU.ActiveCfg = Release|Any CPU
		{180C1D45-7AC0-447A-9003-AA452FEB17FA}.Release|Any CPU.Build.0 = Release|Any CPU
	EndGlobalSection
	GlobalSection(SolutionProperties) = preSolution
		HideSolutionNode = FALSE
	EndGlobalSection
	GlobalSection(ExtensibilityGlobals) = postSolution
		SolutionGuid = {565B6390-201C-4432-984A-71A736A9C8D3}
	EndGlobalSection
EndGlobal
